
Microsoft Visual Studio Solution File, Format Version 12.00
# Visual Studio Version 17
VisualStudioVersion = 17.3.32929.385
MinimumVisualStudioVersion = 10.0.40219.1
Project("{FAE04EC0-301F-11D3-BF4B-00C04F79EFBC}") = "ConsoleAppLearning", "ConsoleAppLearning\ConsoleAppLearning.csproj", "{BB02E0FA-A92E-4ACC-9EE4-EC5FE404729F}"
EndProject
Global
	GlobalSection(SolutionConfigurationPlatforms) = preSolution
		Debug|Any CPU = Debug|Any CPU
		Release|Any CPU = Release|Any CPU
	EndGlobalSection
	GlobalSection(ProjectConfigurationPlatforms) = postSolution
		{BB02E0FA-A92E-4ACC-9EE4-EC5FE404729F}.Debug|Any CPU.ActiveCfg = Debug|Any CPU
		{BB02E0FA-A92E-4ACC-9EE4-EC5FE404729F}.Debug|Any CPU.Build.0 = Debug|Any CPU
		{BB02E0FA-A92E-4ACC-9EE4-EC5FE404729F}.Release|Any CPU.ActiveCfg = Release|Any CPU
		{BB02E0FA-A92E-4ACC-9EE4-EC5FE404729F}.Release|Any CPU.Build.0 = Release|Any CPU
	EndGlobalSection
	GlobalSection(SolutionProperties) = preSolution
		HideSolutionNode = FALSE
	EndGlobalSection
	GlobalSection(ExtensibilityGlobals) = postSolution
		SolutionGuid = {6733C094-C981-4B64-AE55-46EA861C3D6B}
	EndGlobalSection
EndGlobal
